
Microsoft Visual Studio Solution File, Format Version 12.00
# Visual Studio Version 17
VisualStudioVersion = 17.4.33103.184
MinimumVisualStudioVersion = 10.0.40219.1
Project("{FAE04EC0-301F-11D3-BF4B-00C04F79EFBC}") = "AIBasedChat", "AIBasedChat\AIBasedChat.csproj", "{ED3BCA51-F122-4AB1-A85C-1E02C34D936B}"
EndProject
Global
	GlobalSection(SolutionConfigurationPlatforms) = preSolution
		Debug|Any CPU = Debug|Any CPU
		Release|Any CPU = Release|Any CPU
	EndGlobalSection
	GlobalSection(ProjectConfigurationPlatforms) = postSolution
		{ED3BCA51-F122-4AB1-A85C-1E02C34D936B}.Debug|Any CPU.ActiveCfg = Debug|Any CPU
		{ED3BCA51-F122-4AB1-A85C-1E02C34D936B}.Debug|Any CPU.Build.0 = Debug|Any CPU
		{ED3BCA51-F122-4AB1-A85C-1E02C34D936B}.Release|Any CPU.ActiveCfg = Release|Any CPU
		{ED3BCA51-F122-4AB1-A85C-1E02C34D936B}.Release|Any CPU.Build.0 = Release|Any CPU
	EndGlobalSection
	GlobalSection(SolutionProperties) = preSolution
		HideSolutionNode = FALSE
	EndGlobalSection
	GlobalSection(ExtensibilityGlobals) = postSolution
		SolutionGuid = {A04E0B4B-835D-4B9F-93C9-1E8B5E999B8B}
	EndGlobalSection
EndGlobal
